
Microsoft Visual Studio Solution File, Format Version 12.00
# Visual Studio Version 17
VisualStudioVersion = 17.8.34330.188
MinimumVisualStudioVersion = 10.0.40219.1
Project("{9A19103F-16F7-4668-BE54-9A1E7A4F7556}") = "Resources.API", "Resources.API\Resources.API.csproj", "{2158E40C-1B06-48DE-942F-D5858EA3AED7}"
EndProject
Project("{2150E333-8FDC-42A3-9474-1A3956D46DE8}") = "Solution Items", "Solution Items", "{179FDA48-6A57-47B7-B2DC-712635B49DF8}"
	ProjectSection(SolutionItems) = preProject
		.editorconfig = .editorconfig
	EndProjectSection
EndProject
Global
	GlobalSection(SolutionConfigurationPlatforms) = preSolution
		Debug|Any CPU = Debug|Any CPU
		Release|Any CPU = Release|Any CPU
	EndGlobalSection
	GlobalSection(ProjectConfigurationPlatforms) = postSolution
		{2158E40C-1B06-48DE-942F-D5858EA3AED7}.Debug|Any CPU.ActiveCfg = Debug|Any CPU
		{2158E40C-1B06-48DE-942F-D5858EA3AED7}.Debug|Any CPU.Build.0 = Debug|Any CPU
		{2158E40C-1B06-48DE-942F-D5858EA3AED7}.Release|Any CPU.ActiveCfg = Release|Any CPU
		{2158E40C-1B06-48DE-942F-D5858EA3AED7}.Release|Any CPU.Build.0 = Release|Any CPU
	EndGlobalSection
	GlobalSection(SolutionProperties) = preSolution
		HideSolutionNode = FALSE
	EndGlobalSection
	GlobalSection(ExtensibilityGlobals) = postSolution
		SolutionGuid = {E069C22B-0F2E-4B8D-98F0-AADD0F30FC2F}
	EndGlobalSection
EndGlobal
